// !$*UTF8*$!
{
	archiveVersion = 1;
	classes = {
	};
	objectVersion = 52;
	objects = {

/* Begin PBXBuildFile section */
		6E1341B02648B1BA00005655 /* DAFIF_DVD_ZipperApp.swift in Sources */ = {isa = PBXBuildFile; fileRef = 6E1341AF2648B1BA00005655 /* DAFIF_DVD_ZipperApp.swift */; };
		6E1341B22648B1BA00005655 /* ContentView.swift in Sources */ = {isa = PBXBuildFile; fileRef = 6E1341B12648B1BA00005655 /* ContentView.swift */; };
		6E1341B42648B1BC00005655 /* Assets.xcassets in Resources */ = {isa = PBXBuildFile; fileRef = 6E1341B32648B1BC00005655 /* Assets.xcassets */; };
		6E1341B72648B1BC00005655 /* Preview Assets.xcassets in Resources */ = {isa = PBXBuildFile; fileRef = 6E1341B62648B1BC00005655 /* Preview Assets.xcassets */; };
		6E1341C12648B20A00005655 /* Scripts in Frameworks */ = {isa = PBXBuildFile; productRef = 6E1341C02648B20A00005655 /* Scripts */; };
		6E1341C42648B21800005655 /* Zip in Frameworks */ = {isa = PBXBuildFile; productRef = 6E1341C32648B21800005655 /* Zip */; };
		6E1341C62648B23000005655 /* Zipper.swift in Sources */ = {isa = PBXBuildFile; fileRef = 6E1341C52648B23000005655 /* Zipper.swift */; };
		6EB8861E2649A63B00758AFC /* Utilities.swift in Sources */ = {isa = PBXBuildFile; fileRef = 6EB8861D2649A63B00758AFC /* Utilities.swift */; };
/* End PBXBuildFile section */

/* Begin PBXFileReference section */
		6E1341AC2648B1BA00005655 /* DAFIF_DVD_Zipper.app */ = {isa = PBXFileReference; explicitFileType = wrapper.application; includeInIndex = 0; path = DAFIF_DVD_Zipper.app; sourceTree = BUILT_PRODUCTS_DIR; };
		6E1341AF2648B1BA00005655 /* DAFIF_DVD_ZipperApp.swift */ = {isa = PBXFileReference; lastKnownFileType = sourcecode.swift; path = DAFIF_DVD_ZipperApp.swift; sourceTree = "<group>"; };
		6E1341B12648B1BA00005655 /* ContentView.swift */ = {isa = PBXFileReference; lastKnownFileType = sourcecode.swift; path = ContentView.swift; sourceTree = "<group>"; };
		6E1341B32648B1BC00005655 /* Assets.xcassets */ = {isa = PBXFileReference; lastKnownFileType = folder.assetcatalog; path = Assets.xcassets; sourceTree = "<group>"; };
		6E1341B62648B1BC00005655 /* Preview Assets.xcassets */ = {isa = PBXFileReference; lastKnownFileType = folder.assetcatalog; path = "Preview Assets.xcassets"; sourceTree = "<group>"; };
		6E1341B82648B1BC00005655 /* Info.plist */ = {isa = PBXFileReference; lastKnownFileType = text.plist.xml; path = Info.plist; sourceTree = "<group>"; };
		6E1341B92648B1BC00005655 /* DAFIF_DVD_Zipper.entitlements */ = {isa = PBXFileReference; lastKnownFileType = text.plist.entitlements; path = DAFIF_DVD_Zipper.entitlements; sourceTree = "<group>"; };
		6E1341C52648B23000005655 /* Zipper.swift */ = {isa = PBXFileReference; lastKnownFileType = sourcecode.swift; path = Zipper.swift; sourceTree = "<group>"; };
		6EB8861D2649A63B00758AFC /* Utilities.swift */ = {isa = PBXFileReference; lastKnownFileType = sourcecode.swift; path = Utilities.swift; sourceTree = "<group>"; };
/* End PBXFileReference section */

/* Begin PBXFrameworksBuildPhase section */
		6E1341A92648B1BA00005655 /* Frameworks */ = {
			isa = PBXFrameworksBuildPhase;
			buildActionMask = 2147483647;
			files = (
				6E1341C42648B21800005655 /* Zip in Frameworks */,
				6E1341C12648B20A00005655 /* Scripts in Frameworks */,
			);
			runOnlyForDeploymentPostprocessing = 0;
		};
/* End PBXFrameworksBuildPhase section */

/* Begin PBXGroup section */
		6E1341A32648B1BA00005655 = {
			isa = PBXGroup;
			children = (
				6E1341AE2648B1BA00005655 /* DAFIF_DVD_Zipper */,
				6E1341AD2648B1BA00005655 /* Products */,
			);
			sourceTree = "<group>";
		};
		6E1341AD2648B1BA00005655 /* Products */ = {
			isa = PBXGroup;
			children = (
				6E1341AC2648B1BA00005655 /* DAFIF_DVD_Zipper.app */,
			);
			name = Products;
			sourceTree = "<group>";
		};
		6E1341AE2648B1BA00005655 /* DAFIF_DVD_Zipper */ = {
			isa = PBXGroup;
			children = (
				6E1341AF2648B1BA00005655 /* DAFIF_DVD_ZipperApp.swift */,
				6E1341B12648B1BA00005655 /* ContentView.swift */,
				6E1341B32648B1BC00005655 /* Assets.xcassets */,
				6E1341B82648B1BC00005655 /* Info.plist */,
				6E1341B92648B1BC00005655 /* DAFIF_DVD_Zipper.entitlements */,
				6E1341B52648B1BC00005655 /* Preview Content */,
				6E1341C52648B23000005655 /* Zipper.swift */,
				6EB8861D2649A63B00758AFC /* Utilities.swift */,
			);
			path = DAFIF_DVD_Zipper;
			sourceTree = "<group>";
		};
		6E1341B52648B1BC00005655 /* Preview Content */ = {
			isa = PBXGroup;
			children = (
				6E1341B62648B1BC00005655 /* Preview Assets.xcassets */,
			);
			path = "Preview Content";
			sourceTree = "<group>";
		};
/* End PBXGroup section */

/* Begin PBXNativeTarget section */
		6E1341AB2648B1BA00005655 /* DAFIF_DVD_Zipper */ = {
			isa = PBXNativeTarget;
			buildConfigurationList = 6E1341BC2648B1BC00005655 /* Build configuration list for PBXNativeTarget "DAFIF_DVD_Zipper" */;
			buildPhases = (
				6E1341A82648B1BA00005655 /* Sources */,
				6E1341A92648B1BA00005655 /* Frameworks */,
				6E1341AA2648B1BA00005655 /* Resources */,
			);
			buildRules = (
			);
			dependencies = (
			);
			name = DAFIF_DVD_Zipper;
			packageProductDependencies = (
				6E1341C02648B20A00005655 /* Scripts */,
				6E1341C32648B21800005655 /* Zip */,
			);
			productName = DAFIF_DVD_Zipper;
			productReference = 6E1341AC2648B1BA00005655 /* DAFIF_DVD_Zipper.app */;
			productType = "com.apple.product-type.application";
		};
/* End PBXNativeTarget section */

/* Begin PBXProject section */
		6E1341A42648B1BA00005655 /* Project object */ = {
			isa = PBXProject;
			attributes = {
				LastSwiftUpdateCheck = 1250;
				LastUpgradeCheck = 1250;
				TargetAttributes = {
					6E1341AB2648B1BA00005655 = {
						CreatedOnToolsVersion = 12.5;
					};
				};
			};
			buildConfigurationList = 6E1341A72648B1BA00005655 /* Build configuration list for PBXProject "DAFIF_DVD_Zipper" */;
			compatibilityVersion = "Xcode 9.3";
			developmentRegion = en;
			hasScannedForEncodings = 0;
			knownRegions = (
				en,
				Base,
			);
			mainGroup = 6E1341A32648B1BA00005655;
			packageReferences = (
				6E1341BF2648B20A00005655 /* XCRemoteSwiftPackageReference "Scripts" */,
				6E1341C22648B21800005655 /* XCRemoteSwiftPackageReference "Zip" */,
			);
			productRefGroup = 6E1341AD2648B1BA00005655 /* Products */;
			projectDirPath = "";
			projectRoot = "";
			targets = (
				6E1341AB2648B1BA00005655 /* DAFIF_DVD_Zipper */,
			);
		};
/* End PBXProject section */

/* Begin PBXResourcesBuildPhase section */
		6E1341AA2648B1BA00005655 /* Resources */ = {
			isa = PBXResourcesBuildPhase;
			buildActionMask = 2147483647;
			files = (
				6E1341B72648B1BC00005655 /* Preview Assets.xcassets in Resources */,
				6E1341B42648B1BC00005655 /* Assets.xcassets in Resources */,
			);
			runOnlyForDeploymentPostprocessing = 0;
		};
/* End PBXResourcesBuildPhase section */

/* Begin PBXSourcesBuildPhase section */
		6E1341A82648B1BA00005655 /* Sources */ = {
			isa = PBXSourcesBuildPhase;
			buildActionMask = 2147483647;
			files = (
				6E1341B22648B1BA00005655 /* ContentView.swift in Sources */,
				6E1341B02648B1BA00005655 /* DAFIF_DVD_ZipperApp.swift in Sources */,
				6EB8861E2649A63B00758AFC /* Utilities.swift in Sources */,
				6E1341C62648B23000005655 /* Zipper.swift in Sources */,
			);
			runOnlyForDeploymentPostprocessing = 0;
		};
/* End PBXSourcesBuildPhase section */

/* Begin XCBuildConfiguration section */
		6E1341BA2648B1BC00005655 /* Debug */ = {
			isa = XCBuildConfiguration;
			buildSettings = {
				ALWAYS_SEARCH_USER_PATHS = NO;
				CLANG_ANALYZER_NONNULL = YES;
				CLANG_ANALYZER_NUMBER_OBJECT_CONVERSION = YES_AGGRESSIVE;
				CLANG_CXX_LANGUAGE_STANDARD = "gnu++14";
				CLANG_CXX_LIBRARY = "libc++";
				CLANG_ENABLE_MODULES = YES;
				CLANG_ENABLE_OBJC_ARC = YES;
				CLANG_ENABLE_OBJC_WEAK = YES;
				CLANG_WARN_BLOCK_CAPTURE_AUTORELEASING = YES;
				CLANG_WARN_BOOL_CONVERSION = YES;
				CLANG_WARN_COMMA = YES;
				CLANG_WARN_CONSTANT_CONVERSION = YES;
				CLANG_WARN_DEPRECATED_OBJC_IMPLEMENTATIONS = YES;
				CLANG_WARN_DIRECT_OBJC_ISA_USAGE = YES_ERROR;
				CLANG_WARN_DOCUMENTATION_COMMENTS = YES;
				CLANG_WARN_EMPTY_BODY = YES;
				CLANG_WARN_ENUM_CONVERSION = YES;
				CLANG_WARN_INFINITE_RECURSION = YES;
				CLANG_WARN_INT_CONVERSION = YES;
				CLANG_WARN_NON_LITERAL_NULL_CONVERSION = YES;
				CLANG_WARN_OBJC_IMPLICIT_RETAIN_SELF = YES;
				CLANG_WARN_OBJC_LITERAL_CONVERSION = YES;
				CLANG_WARN_OBJC_ROOT_CLASS = YES_ERROR;
				CLANG_WARN_QUOTED_INCLUDE_IN_FRAMEWORK_HEADER = YES;
				CLANG_WARN_RANGE_LOOP_ANALYSIS = YES;
				CLANG_WARN_STRICT_PROTOTYPES = YES;
				CLANG_WARN_SUSPICIOUS_MOVE = YES;
				CLANG_WARN_UNGUARDED_AVAILABILITY = YES_AGGRESSIVE;
				CLANG_WARN_UNREACHABLE_CODE = YES;
				CLANG_WARN__DUPLICATE_METHOD_MATCH = YES;
				COPY_PHASE_STRIP = NO;
				DEBUG_INFORMATION_FORMAT = dwarf;
				ENABLE_STRICT_OBJC_MSGSEND = YES;
				ENABLE_TESTABILITY = YES;
				GCC_C_LANGUAGE_STANDARD = gnu11;
				GCC_DYNAMIC_NO_PIC = NO;
				GCC_NO_COMMON_BLOCKS = YES;
				GCC_OPTIMIZATION_LEVEL = 0;
				GCC_PREPROCESSOR_DEFINITIONS = (
					"DEBUG=1",
					"$(inherited)",
				);
				GCC_WARN_64_TO_32_BIT_CONVERSION = YES;
				GCC_WARN_ABOUT_RETURN_TYPE = YES_ERROR;
				GCC_WARN_UNDECLARED_SELECTOR = YES;
				GCC_WARN_UNINITIALIZED_AUTOS = YES_AGGRESSIVE;
				GCC_WARN_UNUSED_FUNCTION = YES;
				GCC_WARN_UNUSED_VARIABLE = YES;
				MACOSX_DEPLOYMENT_TARGET = 11.3;
				MTL_ENABLE_DEBUG_INFO = INCLUDE_SOURCE;
				MTL_FAST_MATH = YES;
				ONLY_ACTIVE_ARCH = YES;
				SDKROOT = macosx;
				SWIFT_ACTIVE_COMPILATION_CONDITIONS = DEBUG;
				SWIFT_OPTIMIZATION_LEVEL = "-Onone";
			};
			name = Debug;
		};
		6E1341BB2648B1BC00005655 /* Release */ = {
			isa = XCBuildConfiguration;
			buildSettings = {
				ALWAYS_SEARCH_USER_PATHS = NO;
				CLANG_ANALYZER_NONNULL = YES;
				CLANG_ANALYZER_NUMBER_OBJECT_CONVERSION = YES_AGGRESSIVE;
				CLANG_CXX_LANGUAGE_STANDARD = "gnu++14";
				CLANG_CXX_LIBRARY = "libc++";
				CLANG_ENABLE_MODULES = YES;
				CLANG_ENABLE_OBJC_ARC = YES;
				CLANG_ENABLE_OBJC_WEAK = YES;
				CLANG_WARN_BLOCK_CAPTURE_AUTORELEASING = YES;
				CLANG_WARN_BOOL_CONVERSION = YES;
				CLANG_WARN_COMMA = YES;
				CLANG_WARN_CONSTANT_CONVERSION = YES;
				CLANG_WARN_DEPRECATED_OBJC_IMPLEMENTATIONS = YES;
				CLANG_WARN_DIRECT_OBJC_ISA_USAGE = YES_ERROR;
				CLANG_WARN_DOCUMENTATION_COMMENTS = YES;
				CLANG_WARN_EMPTY_BODY = YES;
				CLANG_WARN_ENUM_CONVERSION = YES;
				CLANG_WARN_INFINITE_RECURSION = YES;
				CLANG_WARN_INT_CONVERSION = YES;
				CLANG_WARN_NON_LITERAL_NULL_CONVERSION = YES;
				CLANG_WARN_OBJC_IMPLICIT_RETAIN_SELF = YES;
				CLANG_WARN_OBJC_LITERAL_CONVERSION = YES;
				CLANG_WARN_OBJC_ROOT_CLASS = YES_ERROR;
				CLANG_WARN_QUOTED_INCLUDE_IN_FRAMEWORK_HEADER = YES;
				CLANG_WARN_RANGE_LOOP_ANALYSIS = YES;
				CLANG_WARN_STRICT_PROTOTYPES = YES;
				CLANG_WARN_SUSPICIOUS_MOVE = YES;
				CLANG_WARN_UNGUARDED_AVAILABILITY = YES_AGGRESSIVE;
				CLANG_WARN_UNREACHABLE_CODE = YES;
				CLANG_WARN__DUPLICATE_METHOD_MATCH = YES;
				COPY_PHASE_STRIP = NO;
				DEBUG_INFORMATION_FORMAT = "dwarf-with-dsym";
				ENABLE_NS_ASSERTIONS = NO;
				ENABLE_STRICT_OBJC_MSGSEND = YES;
				GCC_C_LANGUAGE_STANDARD = gnu11;
				GCC_NO_COMMON_BLOCKS = YES;
				GCC_WARN_64_TO_32_BIT_CONVERSION = YES;
				GCC_WARN_ABOUT_RETURN_TYPE = YES_ERROR;
				GCC_WARN_UNDECLARED_SELECTOR = YES;
				GCC_WARN_UNINITIALIZED_AUTOS = YES_AGGRESSIVE;
				GCC_WARN_UNUSED_FUNCTION = YES;
				GCC_WARN_UNUSED_VARIABLE = YES;
				MACOSX_DEPLOYMENT_TARGET = 11.3;
				MTL_ENABLE_DEBUG_INFO = NO;
				MTL_FAST_MATH = YES;
				SDKROOT = macosx;
				SWIFT_COMPILATION_MODE = wholemodule;
				SWIFT_OPTIMIZATION_LEVEL = "-O";
			};
			name = Release;
		};
		6E1341BD2648B1BC00005655 /* Debug */ = {
			isa = XCBuildConfiguration;
			buildSettings = {
				ASSETCATALOG_COMPILER_APPICON_NAME = AppIcon;
				ASSETCATALOG_COMPILER_GLOBAL_ACCENT_COLOR_NAME = AccentColor;
				CODE_SIGN_ENTITLEMENTS = DAFIF_DVD_Zipper/DAFIF_DVD_Zipper.entitlements;
				CODE_SIGN_STYLE = Automatic;
				COMBINE_HIDPI_IMAGES = YES;
				DEVELOPMENT_ASSET_PATHS = "\"DAFIF_DVD_Zipper/Preview Content\"";
				DEVELOPMENT_TEAM = KG653N5ES4;
				ENABLE_HARDENED_RUNTIME = YES;
				ENABLE_PREVIEWS = YES;
				INFOPLIST_FILE = DAFIF_DVD_Zipper/Info.plist;
				LD_RUNPATH_SEARCH_PATHS = (
					"$(inherited)",
					"@executable_path/../Frameworks",
				);
				MACOSX_DEPLOYMENT_TARGET = 11.0;
				PRODUCT_BUNDLE_IDENTIFIER = "com.cearus.DAFIF-DVD-Zipper";
				PRODUCT_NAME = "$(TARGET_NAME)";
				SWIFT_VERSION = 5.0;
			};
			name = Debug;
		};
		6E1341BE2648B1BC00005655 /* Release */ = {
			isa = XCBuildConfiguration;
			buildSettings = {
				ASSETCATALOG_COMPILER_APPICON_NAME = AppIcon;
				ASSETCATALOG_COMPILER_GLOBAL_ACCENT_COLOR_NAME = AccentColor;
				CODE_SIGN_ENTITLEMENTS = DAFIF_DVD_Zipper/DAFIF_DVD_Zipper.entitlements;
				CODE_SIGN_STYLE = Automatic;
				COMBINE_HIDPI_IMAGES = YES;
				DEVELOPMENT_ASSET_PATHS = "\"DAFIF_DVD_Zipper/Preview Content\"";
				DEVELOPMENT_TEAM = KG653N5ES4;
				ENABLE_HARDENED_RUNTIME = YES;
				ENABLE_PREVIEWS = YES;
				INFOPLIST_FILE = DAFIF_DVD_Zipper/Info.plist;
				LD_RUNPATH_SEARCH_PATHS = (
					"$(inherited)",
					"@executable_path/../Frameworks",
				);
				MACOSX_DEPLOYMENT_TARGET = 11.0;
				PRODUCT_BUNDLE_IDENTIFIER = "com.cearus.DAFIF-DVD-Zipper";
				PRODUCT_NAME = "$(TARGET_NAME)";
				SWIFT_VERSION = 5.0;
			};
			name = Release;
		};
/* End XCBuildConfiguration section */

/* Begin XCConfigurationList section */
		6E1341A72648B1BA00005655 /* Build configuration list for PBXProject "DAFIF_DVD_Zipper" */ = {
			isa = XCConfigurationList;
			buildConfigurations = (
				6E1341BA2648B1BC00005655 /* Debug */,
				6E1341BB2648B1BC00005655 /* Release */,
			);
			defaultConfigurationIsVisible = 0;
			defaultConfigurationName = Release;
		};
		6E1341BC2648B1BC00005655 /* Build configuration list for PBXNativeTarget "DAFIF_DVD_Zipper" */ = {
			isa = XCConfigurationList;
			buildConfigurations = (
				6E1341BD2648B1BC00005655 /* Debug */,
				6E1341BE2648B1BC00005655 /* Release */,
			);
			defaultConfigurationIsVisible = 0;
			defaultConfigurationName = Release;
		};
/* End XCConfigurationList section */

/* Begin XCRemoteSwiftPackageReference section */
		6E1341BF2648B20A00005655 /* XCRemoteSwiftPackageReference "Scripts" */ = {
			isa = XCRemoteSwiftPackageReference;
			repositoryURL = "https://github.com/elmo5676/Scripts";
			requirement = {
				kind = upToNextMajorVersion;
				minimumVersion = 1.0.4;
			};
		};
		6E1341C22648B21800005655 /* XCRemoteSwiftPackageReference "Zip" */ = {
			isa = XCRemoteSwiftPackageReference;
			repositoryURL = "https://github.com/Cearus/Zip";
			requirement = {
				kind = upToNextMajorVersion;
				minimumVersion = 1.0.0;
			};
		};
/* End XCRemoteSwiftPackageReference section */

/* Begin XCSwiftPackageProductDependency section */
		6E1341C02648B20A00005655 /* Scripts */ = {
			isa = XCSwiftPackageProductDependency;
			package = 6E1341BF2648B20A00005655 /* XCRemoteSwiftPackageReference "Scripts" */;
			productName = Scripts;
		};
		6E1341C32648B21800005655 /* Zip */ = {
			isa = XCSwiftPackageProductDependency;
			package = 6E1341C22648B21800005655 /* XCRemoteSwiftPackageReference "Zip" */;
			productName = Zip;
		};
/* End XCSwiftPackageProductDependency section */
	};
	rootObject = 6E1341A42648B1BA00005655 /* Project object */;
}
